// !$*UTF8*$!
{
	archiveVersion = 1;
	classes = {
	};
	objectVersion = 51;
	objects = {

/* Begin PBXBuildFile section */
		8433062C24EC004B006271CB /* ErrorDisplaying.swift in Sources */ = {isa = PBXBuildFile; fileRef = 8433062B24EC004B006271CB /* ErrorDisplaying.swift */; };
		843B533A24AAF5ED007C4CBB /* ColorsCell.swift in Sources */ = {isa = PBXBuildFile; fileRef = 843B533824AAF5ED007C4CBB /* ColorsCell.swift */; };
		843B533B24AAF5ED007C4CBB /* ColorsCell.xib in Resources */ = {isa = PBXBuildFile; fileRef = 843B533924AAF5ED007C4CBB /* ColorsCell.xib */; };
		843F373724B434D1000ED099 /* UITableView+CellRegistration.swift in Sources */ = {isa = PBXBuildFile; fileRef = 843F373624B434D1000ED099 /* UITableView+CellRegistration.swift */; };
		8440BD9B24D9534700A5E16C /* MainScreenPresenter.swift in Sources */ = {isa = PBXBuildFile; fileRef = 8440BD9A24D9534700A5E16C /* MainScreenPresenter.swift */; };
		8440C22A24EFEF8800BCABE0 /* MainScreen.swift in Sources */ = {isa = PBXBuildFile; fileRef = 8440C22924EFEF8800BCABE0 /* MainScreen.swift */; };
		8442404424DA704300692CD1 /* GoodsPresenter.swift in Sources */ = {isa = PBXBuildFile; fileRef = 8442404324DA704300692CD1 /* GoodsPresenter.swift */; };
		8442404624DAA98100692CD1 /* MainScreenConfigurator.swift in Sources */ = {isa = PBXBuildFile; fileRef = 8442404524DAA98100692CD1 /* MainScreenConfigurator.swift */; };
		8442404824DAAA9D00692CD1 /* MainScreenInteractor.swift in Sources */ = {isa = PBXBuildFile; fileRef = 8442404724DAAA9D00692CD1 /* MainScreenInteractor.swift */; };
		8442404A24DAABBD00692CD1 /* MainScreenRouter.swift in Sources */ = {isa = PBXBuildFile; fileRef = 8442404924DAABBD00692CD1 /* MainScreenRouter.swift */; };
		8442404C24DACDF400692CD1 /* GoodsConfigurator.swift in Sources */ = {isa = PBXBuildFile; fileRef = 8442404B24DACDF400692CD1 /* GoodsConfigurator.swift */; };
		8442404E24DACE3300692CD1 /* GoodsInteractor.swift in Sources */ = {isa = PBXBuildFile; fileRef = 8442404D24DACE3300692CD1 /* GoodsInteractor.swift */; };
		8442405024DACF5A00692CD1 /* GoodsRouter.swift in Sources */ = {isa = PBXBuildFile; fileRef = 8442404F24DACF5A00692CD1 /* GoodsRouter.swift */; };
		84424BF924F39C7C00BF45F4 /* Goods.swift in Sources */ = {isa = PBXBuildFile; fileRef = 84424BF824F39C7C00BF45F4 /* Goods.swift */; };
		84493B3A24EE53EC00F6A45F /* GoodsCardScreenData.swift in Sources */ = {isa = PBXBuildFile; fileRef = 84493B3924EE53EC00F6A45F /* GoodsCardScreenData.swift */; };
		844D60E424E3A61A0093EB06 /* TableCellProviding.swift in Sources */ = {isa = PBXBuildFile; fileRef = 844D60E324E3A61A0093EB06 /* TableCellProviding.swift */; };
		844D60E624E3A6AF0093EB06 /* AnyTableCellProviding.swift in Sources */ = {isa = PBXBuildFile; fileRef = 844D60E524E3A6AF0093EB06 /* AnyTableCellProviding.swift */; };
		844D60EA24E3AB8F0093EB06 /* ConfigurableTableCell.swift in Sources */ = {isa = PBXBuildFile; fileRef = 844D60E924E3AB8F0093EB06 /* ConfigurableTableCell.swift */; };
		844D60EF24E3C54E0093EB06 /* CategoriesCellProvider.swift in Sources */ = {isa = PBXBuildFile; fileRef = 844D60EE24E3C54E0093EB06 /* CategoriesCellProvider.swift */; };
		844D60F224E3F6160093EB06 /* SliderCellProvider.swift in Sources */ = {isa = PBXBuildFile; fileRef = 844D60F124E3F6160093EB06 /* SliderCellProvider.swift */; };
		844D60F524E3F7EF0093EB06 /* InformationCellProvider.swift in Sources */ = {isa = PBXBuildFile; fileRef = 844D60F424E3F7EF0093EB06 /* InformationCellProvider.swift */; };
		844D60F824E3F9620093EB06 /* FindsCellProvider.swift in Sources */ = {isa = PBXBuildFile; fileRef = 844D60F724E3F9620093EB06 /* FindsCellProvider.swift */; };
		844D60FB24E3FACB0093EB06 /* BrandsCellProvider.swift in Sources */ = {isa = PBXBuildFile; fileRef = 844D60FA24E3FACA0093EB06 /* BrandsCellProvider.swift */; };
		844D60FE24E3FB890093EB06 /* CatalogCellProvider.swift in Sources */ = {isa = PBXBuildFile; fileRef = 844D60FD24E3FB890093EB06 /* CatalogCellProvider.swift */; };
		845105D924BEFE6F0023FB0F /* OtherColorCell.swift in Sources */ = {isa = PBXBuildFile; fileRef = 845105D724BEFE6F0023FB0F /* OtherColorCell.swift */; };
		845105DA24BEFE6F0023FB0F /* OtherColorCell.xib in Resources */ = {isa = PBXBuildFile; fileRef = 845105D824BEFE6F0023FB0F /* OtherColorCell.xib */; };
		845105DD24BF07C70023FB0F /* SizeCell.swift in Sources */ = {isa = PBXBuildFile; fileRef = 845105DB24BF07C70023FB0F /* SizeCell.swift */; };
		845105DE24BF07C70023FB0F /* SizeCell.xib in Resources */ = {isa = PBXBuildFile; fileRef = 845105DC24BF07C70023FB0F /* SizeCell.xib */; };
		845105E024BF0A2C0023FB0F /* Size.swift in Sources */ = {isa = PBXBuildFile; fileRef = 845105DF24BF0A2C0023FB0F /* Size.swift */; };
		84511A7C24B6D4DC00282BCF /* APIRequest.swift in Sources */ = {isa = PBXBuildFile; fileRef = 84511A7B24B6D4DC00282BCF /* APIRequest.swift */; };
		84511A7E24B6D4EB00282BCF /* APIResponse.swift in Sources */ = {isa = PBXBuildFile; fileRef = 84511A7D24B6D4EB00282BCF /* APIResponse.swift */; };
		84511A8024B6E42200282BCF /* Result.swift in Sources */ = {isa = PBXBuildFile; fileRef = 84511A7F24B6E42200282BCF /* Result.swift */; };
		8453423E24A1EA1E0003EFB7 /* FindsCell.swift in Sources */ = {isa = PBXBuildFile; fileRef = 8453423C24A1EA1E0003EFB7 /* FindsCell.swift */; };
		8453423F24A1EA1E0003EFB7 /* FindsCell.xib in Resources */ = {isa = PBXBuildFile; fileRef = 8453423D24A1EA1E0003EFB7 /* FindsCell.xib */; };
		8453424224A1EA3A0003EFB7 /* FindsBannerCell.swift in Sources */ = {isa = PBXBuildFile; fileRef = 8453424024A1EA3A0003EFB7 /* FindsBannerCell.swift */; };
		8453424324A1EA3A0003EFB7 /* FindsBannerCell.xib in Resources */ = {isa = PBXBuildFile; fileRef = 8453424124A1EA3A0003EFB7 /* FindsBannerCell.xib */; };
		8453424524A202AF0003EFB7 /* RatingView.swift in Sources */ = {isa = PBXBuildFile; fileRef = 8453424424A202AF0003EFB7 /* RatingView.swift */; };
		8453424724A204820003EFB7 /* RatingView.xib in Resources */ = {isa = PBXBuildFile; fileRef = 8453424624A204820003EFB7 /* RatingView.xib */; };
		845397DD249CC30100BF7B53 /* CategoriesCell.swift in Sources */ = {isa = PBXBuildFile; fileRef = 845397DB249CC30100BF7B53 /* CategoriesCell.swift */; };
		845397DE249CC30100BF7B53 /* CategoriesCell.xib in Resources */ = {isa = PBXBuildFile; fileRef = 845397DC249CC30100BF7B53 /* CategoriesCell.xib */; };
		845397E1249CC6D800BF7B53 /* CategoryCell.swift in Sources */ = {isa = PBXBuildFile; fileRef = 845397DF249CC6D800BF7B53 /* CategoryCell.swift */; };
		845397E2249CC6D800BF7B53 /* CategoryCell.xib in Resources */ = {isa = PBXBuildFile; fileRef = 845397E0249CC6D800BF7B53 /* CategoryCell.xib */; };
		8455750124C7F5B60042140C /* ProductDataModel.swift in Sources */ = {isa = PBXBuildFile; fileRef = 8455750024C7F5B60042140C /* ProductDataModel.swift */; };
		8455750324C8638E0042140C /* GetRelatedProducts.swift in Sources */ = {isa = PBXBuildFile; fileRef = 8455750224C8638E0042140C /* GetRelatedProducts.swift */; };
		8455750624C8663C0042140C /* ProductsType.swift in Sources */ = {isa = PBXBuildFile; fileRef = 8455750524C8663C0042140C /* ProductsType.swift */; };
		8456EE4D248F753B009DB9F5 /* ModelJSON.swift in Sources */ = {isa = PBXBuildFile; fileRef = 8456EE4C248F753B009DB9F5 /* ModelJSON.swift */; };
		8456EE4F248F8309009DB9F5 /* API.swift in Sources */ = {isa = PBXBuildFile; fileRef = 8456EE4E248F8309009DB9F5 /* API.swift */; };
		8457A51A248E4FB400E2943F /* AppDelegate.swift in Sources */ = {isa = PBXBuildFile; fileRef = 8457A519248E4FB400E2943F /* AppDelegate.swift */; };
		8457A51F248E4FB400E2943F /* Main.storyboard in Resources */ = {isa = PBXBuildFile; fileRef = 8457A51D248E4FB400E2943F /* Main.storyboard */; };
		8457A521248E4FB700E2943F /* Assets.xcassets in Resources */ = {isa = PBXBuildFile; fileRef = 8457A520248E4FB700E2943F /* Assets.xcassets */; };
		8457A524248E4FB700E2943F /* LaunchScreen.storyboard in Resources */ = {isa = PBXBuildFile; fileRef = 8457A522248E4FB700E2943F /* LaunchScreen.storyboard */; };
		8457A52F248E4FB700E2943F /* kari_pet_projectTests.swift in Sources */ = {isa = PBXBuildFile; fileRef = 8457A52E248E4FB700E2943F /* kari_pet_projectTests.swift */; };
		8457A53A248E4FB700E2943F /* kari_pet_projectUITests.swift in Sources */ = {isa = PBXBuildFile; fileRef = 8457A539248E4FB700E2943F /* kari_pet_projectUITests.swift */; };
		8463C89024A0684200417B51 /* InformationCell.swift in Sources */ = {isa = PBXBuildFile; fileRef = 8463C88E24A0684200417B51 /* InformationCell.swift */; };
		8463C89124A0684200417B51 /* InformationCell.xib in Resources */ = {isa = PBXBuildFile; fileRef = 8463C88F24A0684200417B51 /* InformationCell.xib */; };
		8463C89424A068D900417B51 /* InfoBannerCell.swift in Sources */ = {isa = PBXBuildFile; fileRef = 8463C89224A068D900417B51 /* InfoBannerCell.swift */; };
		8463C89524A068D900417B51 /* InfoBannerCell.xib in Resources */ = {isa = PBXBuildFile; fileRef = 8463C89324A068D900417B51 /* InfoBannerCell.xib */; };
		8463C89824A0764D00417B51 /* CatalogCell.swift in Sources */ = {isa = PBXBuildFile; fileRef = 8463C89624A0764D00417B51 /* CatalogCell.swift */; };
		8463C89924A0764D00417B51 /* CatalogCell.xib in Resources */ = {isa = PBXBuildFile; fileRef = 8463C89724A0764D00417B51 /* CatalogCell.xib */; };
		8463C89C24A07A6500417B51 /* ThumbnailCell.swift in Sources */ = {isa = PBXBuildFile; fileRef = 8463C89A24A07A6500417B51 /* ThumbnailCell.swift */; };
		8463C89D24A07A6500417B51 /* ThumbnailCell.xib in Resources */ = {isa = PBXBuildFile; fileRef = 8463C89B24A07A6500417B51 /* ThumbnailCell.xib */; };
		8463C8A024A0AAD400417B51 /* BrandsCell.swift in Sources */ = {isa = PBXBuildFile; fileRef = 8463C89E24A0AAD400417B51 /* BrandsCell.swift */; };
		8463C8A124A0AAD400417B51 /* BrandsCell.xib in Resources */ = {isa = PBXBuildFile; fileRef = 8463C89F24A0AAD400417B51 /* BrandsCell.xib */; };
		8463C8A424A0AAFC00417B51 /* BrandCell.swift in Sources */ = {isa = PBXBuildFile; fileRef = 8463C8A224A0AAFC00417B51 /* BrandCell.swift */; };
		8463C8A524A0AAFC00417B51 /* BrandCell.xib in Resources */ = {isa = PBXBuildFile; fileRef = 8463C8A324A0AAFC00417B51 /* BrandCell.xib */; };
		846FF0E024A5C76B00E04182 /* UIColor+Hex.swift in Sources */ = {isa = PBXBuildFile; fileRef = 846FF0DF24A5C76B00E04182 /* UIColor+Hex.swift */; };
		846FF0E424A5DE1100E04182 /* BrandModel.swift in Sources */ = {isa = PBXBuildFile; fileRef = 846FF0E324A5DE1100E04182 /* BrandModel.swift */; };
		846FF0E624A5DE3C00E04182 /* Background.swift in Sources */ = {isa = PBXBuildFile; fileRef = 846FF0E524A5DE3C00E04182 /* Background.swift */; };
		846FF0E824A5E00500E04182 /* FontColor.swift in Sources */ = {isa = PBXBuildFile; fileRef = 846FF0E724A5E00500E04182 /* FontColor.swift */; };
		846FF0EA24A5E02100E04182 /* Filters.swift in Sources */ = {isa = PBXBuildFile; fileRef = 846FF0E924A5E02100E04182 /* Filters.swift */; };
		846FF0EC24A5E03800E04182 /* Params.swift in Sources */ = {isa = PBXBuildFile; fileRef = 846FF0EB24A5E03800E04182 /* Params.swift */; };
		846FF0EE24A5E05D00E04182 /* Action.swift in Sources */ = {isa = PBXBuildFile; fileRef = 846FF0ED24A5E05D00E04182 /* Action.swift */; };
		846FF0F024A5E06F00E04182 /* BreadCrumbs.swift in Sources */ = {isa = PBXBuildFile; fileRef = 846FF0EF24A5E06F00E04182 /* BreadCrumbs.swift */; };
		846FF0F224A5E08400E04182 /* CollectionField.swift in Sources */ = {isa = PBXBuildFile; fileRef = 846FF0F124A5E08400E04182 /* CollectionField.swift */; };
		846FF0F424A5E09500E04182 /* Price.swift in Sources */ = {isa = PBXBuildFile; fileRef = 846FF0F324A5E09500E04182 /* Price.swift */; };
		846FF0F724A5E0AD00E04182 /* Brand.swift in Sources */ = {isa = PBXBuildFile; fileRef = 846FF0F624A5E0AD00E04182 /* Brand.swift */; };
		846FF0F924A5E0C200E04182 /* Colors.swift in Sources */ = {isa = PBXBuildFile; fileRef = 846FF0F824A5E0C200E04182 /* Colors.swift */; };
		846FF0FB24A5E0E100E04182 /* Rate.swift in Sources */ = {isa = PBXBuildFile; fileRef = 846FF0FA24A5E0E100E04182 /* Rate.swift */; };
		846FF0FD24A5E0F800E04182 /* StockBannerModel.swift in Sources */ = {isa = PBXBuildFile; fileRef = 846FF0FC24A5E0F800E04182 /* StockBannerModel.swift */; };
		846FF0FF24A5E11600E04182 /* ProductsModel.swift in Sources */ = {isa = PBXBuildFile; fileRef = 846FF0FE24A5E11600E04182 /* ProductsModel.swift */; };
		846FF10124A5E12E00E04182 /* CategoriesTree.swift in Sources */ = {isa = PBXBuildFile; fileRef = 846FF10024A5E12E00E04182 /* CategoriesTree.swift */; };
		846FF10324A5E14200E04182 /* AdditionalData.swift in Sources */ = {isa = PBXBuildFile; fileRef = 846FF10224A5E14200E04182 /* AdditionalData.swift */; };
		846FF10524A6123F00E04182 /* BlockType.swift in Sources */ = {isa = PBXBuildFile; fileRef = 846FF10424A6123F00E04182 /* BlockType.swift */; };
		848B2FD724BC375F00E6AEEF /* HttpMethod.swift in Sources */ = {isa = PBXBuildFile; fileRef = 848B2FD624BC375F00E6AEEF /* HttpMethod.swift */; };
		848B2FE424BC6D1600E6AEEF /* GoodsVC.swift in Sources */ = {isa = PBXBuildFile; fileRef = 848B2FE324BC6D1600E6AEEF /* GoodsVC.swift */; };
		8496845224B71C1900B56D3B /* GetMainScreenData.swift in Sources */ = {isa = PBXBuildFile; fileRef = 8496845124B71C1900B56D3B /* GetMainScreenData.swift */; };
		84B97FA02498B563000AB86B /* SliderCell.swift in Sources */ = {isa = PBXBuildFile; fileRef = 84B97F9E2498B563000AB86B /* SliderCell.swift */; };
		84B97FA12498B563000AB86B /* SliderCell.xib in Resources */ = {isa = PBXBuildFile; fileRef = 84B97F9F2498B563000AB86B /* SliderCell.xib */; };
		84B97FA42498B5FB000AB86B /* BannerCell.swift in Sources */ = {isa = PBXBuildFile; fileRef = 84B97FA22498B5FB000AB86B /* BannerCell.swift */; };
		84B97FA52498B5FB000AB86B /* BannerCell.xib in Resources */ = {isa = PBXBuildFile; fileRef = 84B97FA32498B5FB000AB86B /* BannerCell.xib */; };
		84BE46BE24C6E8CF00692B8A /* GetRecomendedProducts.swift in Sources */ = {isa = PBXBuildFile; fileRef = 84BE46BD24C6E8CF00692B8A /* GetRecomendedProducts.swift */; };
		84BE46C424C7006D00692B8A /* ProductsBlock.swift in Sources */ = {isa = PBXBuildFile; fileRef = 84BE46C324C7006D00692B8A /* ProductsBlock.swift */; };
		84BE46C624C7133200692B8A /* URLRequest+cURL.swift in Sources */ = {isa = PBXBuildFile; fileRef = 84BE46C524C7133200692B8A /* URLRequest+cURL.swift */; };
		84CE118D249B9D0700CA3FA2 /* MainScreenVC.swift in Sources */ = {isa = PBXBuildFile; fileRef = 84CE118C249B9D0700CA3FA2 /* MainScreenVC.swift */; };
		84D0894524B5C55F00997EF4 /* APIClient.swift in Sources */ = {isa = PBXBuildFile; fileRef = 84D0894424B5C55F00997EF4 /* APIClient.swift */; };
		84D2BD1724BD813500298C94 /* GoodsCard.swift in Sources */ = {isa = PBXBuildFile; fileRef = 84D2BD1624BD813500298C94 /* GoodsCard.swift */; };
		84D2BD1924BD822200298C94 /* Media.swift in Sources */ = {isa = PBXBuildFile; fileRef = 84D2BD1824BD822200298C94 /* Media.swift */; };
		84D2BD1B24BD83F400298C94 /* GetGoodsCard.swift in Sources */ = {isa = PBXBuildFile; fileRef = 84D2BD1A24BD83F400298C94 /* GetGoodsCard.swift */; };
		84D2BD1F24BDB92700298C94 /* GoodsCardCell.swift in Sources */ = {isa = PBXBuildFile; fileRef = 84D2BD1D24BDB92700298C94 /* GoodsCardCell.swift */; };
		84D2BD2024BDB92700298C94 /* GoodsCardCell.xib in Resources */ = {isa = PBXBuildFile; fileRef = 84D2BD1E24BDB92700298C94 /* GoodsCardCell.xib */; };
		84DD66BB24BC8472009665B4 /* GoodsCardsCell.swift in Sources */ = {isa = PBXBuildFile; fileRef = 84DD66B924BC8472009665B4 /* GoodsCardsCell.swift */; };
		84DD66BC24BC8472009665B4 /* GoodsCardsCell.xib in Resources */ = {isa = PBXBuildFile; fileRef = 84DD66BA24BC8472009665B4 /* GoodsCardsCell.xib */; };
		84FF3A0624C0497300A2F11E /* NetworkingError.swift in Sources */ = {isa = PBXBuildFile; fileRef = 84FF3A0524C0497300A2F11E /* NetworkingError.swift */; };
		84FF3A0824C074FF00A2F11E /* ReusableVC.swift in Sources */ = {isa = PBXBuildFile; fileRef = 84FF3A0724C074FF00A2F11E /* ReusableVC.swift */; };
		8D8787D396771EE2DAC9B025 /* Pods_kari_pet_project.framework in Frameworks */ = {isa = PBXBuildFile; fileRef = 354DE11A5CABB6548C5CCE2B /* Pods_kari_pet_project.framework */; };
/* End PBXBuildFile section */

/* Begin PBXContainerItemProxy section */
		8457A52B248E4FB700E2943F /* PBXContainerItemProxy */ = {
			isa = PBXContainerItemProxy;
			containerPortal = 8457A50E248E4FB400E2943F /* Project object */;
			proxyType = 1;
			remoteGlobalIDString = 8457A515248E4FB400E2943F;
			remoteInfo = "kari-pet-project";
		};
		8457A536248E4FB700E2943F /* PBXContainerItemProxy */ = {
			isa = PBXContainerItemProxy;
			containerPortal = 8457A50E248E4FB400E2943F /* Project object */;
			proxyType = 1;
			remoteGlobalIDString = 8457A515248E4FB400E2943F;
			remoteInfo = "kari-pet-project";
		};
/* End PBXContainerItemProxy section */

/* Begin PBXFileReference section */
		1236C8C2CDB51A66DDD8D7D1 /* Pods-kari-pet-project.release.xcconfig */ = {isa = PBXFileReference; includeInIndex = 1; lastKnownFileType = text.xcconfig; name = "Pods-kari-pet-project.release.xcconfig"; path = "Target Support Files/Pods-kari-pet-project/Pods-kari-pet-project.release.xcconfig"; sourceTree = "<group>"; };
		354DE11A5CABB6548C5CCE2B /* Pods_kari_pet_project.framework */ = {isa = PBXFileReference; explicitFileType = wrapper.framework; includeInIndex = 0; path = Pods_kari_pet_project.framework; sourceTree = BUILT_PRODUCTS_DIR; };
		8433062B24EC004B006271CB /* ErrorDisplaying.swift */ = {isa = PBXFileReference; lastKnownFileType = sourcecode.swift; path = ErrorDisplaying.swift; sourceTree = "<group>"; };
		843B533824AAF5ED007C4CBB /* ColorsCell.swift */ = {isa = PBXFileReference; lastKnownFileType = sourcecode.swift; path = ColorsCell.swift; sourceTree = "<group>"; };
		843B533924AAF5ED007C4CBB /* ColorsCell.xib */ = {isa = PBXFileReference; lastKnownFileType = file.xib; path = ColorsCell.xib; sourceTree = "<group>"; };
		843F373624B434D1000ED099 /* UITableView+CellRegistration.swift */ = {isa = PBXFileReference; lastKnownFileType = sourcecode.swift; path = "UITableView+CellRegistration.swift"; sourceTree = "<group>"; };
		8440BD9A24D9534700A5E16C /* MainScreenPresenter.swift */ = {isa = PBXFileReference; lastKnownFileType = sourcecode.swift; path = MainScreenPresenter.swift; sourceTree = "<group>"; };
		8440C22924EFEF8800BCABE0 /* MainScreen.swift */ = {isa = PBXFileReference; lastKnownFileType = sourcecode.swift; path = MainScreen.swift; sourceTree = "<group>"; };
		8442404324DA704300692CD1 /* GoodsPresenter.swift */ = {isa = PBXFileReference; lastKnownFileType = sourcecode.swift; path = GoodsPresenter.swift; sourceTree = "<group>"; };
		8442404524DAA98100692CD1 /* MainScreenConfigurator.swift */ = {isa = PBXFileReference; lastKnownFileType = sourcecode.swift; path = MainScreenConfigurator.swift; sourceTree = "<group>"; };
		8442404724DAAA9D00692CD1 /* MainScreenInteractor.swift */ = {isa = PBXFileReference; lastKnownFileType = sourcecode.swift; path = MainScreenInteractor.swift; sourceTree = "<group>"; };
		8442404924DAABBD00692CD1 /* MainScreenRouter.swift */ = {isa = PBXFileReference; lastKnownFileType = sourcecode.swift; path = MainScreenRouter.swift; sourceTree = "<group>"; };
		8442404B24DACDF400692CD1 /* GoodsConfigurator.swift */ = {isa = PBXFileReference; lastKnownFileType = sourcecode.swift; path = GoodsConfigurator.swift; sourceTree = "<group>"; };
		8442404D24DACE3300692CD1 /* GoodsInteractor.swift */ = {isa = PBXFileReference; lastKnownFileType = sourcecode.swift; path = GoodsInteractor.swift; sourceTree = "<group>"; };
		8442404F24DACF5A00692CD1 /* GoodsRouter.swift */ = {isa = PBXFileReference; lastKnownFileType = sourcecode.swift; path = GoodsRouter.swift; sourceTree = "<group>"; };
		84424BF824F39C7C00BF45F4 /* Goods.swift */ = {isa = PBXFileReference; lastKnownFileType = sourcecode.swift; path = Goods.swift; sourceTree = "<group>"; };
		84493B3924EE53EC00F6A45F /* GoodsCardScreenData.swift */ = {isa = PBXFileReference; lastKnownFileType = sourcecode.swift; path = GoodsCardScreenData.swift; sourceTree = "<group>"; };
		844D60E324E3A61A0093EB06 /* TableCellProviding.swift */ = {isa = PBXFileReference; lastKnownFileType = sourcecode.swift; path = TableCellProviding.swift; sourceTree = "<group>"; };
		844D60E524E3A6AF0093EB06 /* AnyTableCellProviding.swift */ = {isa = PBXFileReference; lastKnownFileType = sourcecode.swift; path = AnyTableCellProviding.swift; sourceTree = "<group>"; };
		844D60E924E3AB8F0093EB06 /* ConfigurableTableCell.swift */ = {isa = PBXFileReference; lastKnownFileType = sourcecode.swift; path = ConfigurableTableCell.swift; sourceTree = "<group>"; };
		844D60EE24E3C54E0093EB06 /* CategoriesCellProvider.swift */ = {isa = PBXFileReference; lastKnownFileType = sourcecode.swift; path = CategoriesCellProvider.swift; sourceTree = "<group>"; };
		844D60F124E3F6160093EB06 /* SliderCellProvider.swift */ = {isa = PBXFileReference; lastKnownFileType = sourcecode.swift; path = SliderCellProvider.swift; sourceTree = "<group>"; };
		844D60F424E3F7EF0093EB06 /* InformationCellProvider.swift */ = {isa = PBXFileReference; lastKnownFileType = sourcecode.swift; path = InformationCellProvider.swift; sourceTree = "<group>"; };
		844D60F724E3F9620093EB06 /* FindsCellProvider.swift */ = {isa = PBXFileReference; lastKnownFileType = sourcecode.swift; path = FindsCellProvider.swift; sourceTree = "<group>"; };
		844D60FA24E3FACA0093EB06 /* BrandsCellProvider.swift */ = {isa = PBXFileReference; lastKnownFileType = sourcecode.swift; path = BrandsCellProvider.swift; sourceTree = "<group>"; };
		844D60FD24E3FB890093EB06 /* CatalogCellProvider.swift */ = {isa = PBXFileReference; lastKnownFileType = sourcecode.swift; path = CatalogCellProvider.swift; sourceTree = "<group>"; };
		845105D724BEFE6F0023FB0F /* OtherColorCell.swift */ = {isa = PBXFileReference; lastKnownFileType = sourcecode.swift; path = OtherColorCell.swift; sourceTree = "<group>"; };
		845105D824BEFE6F0023FB0F /* OtherColorCell.xib */ = {isa = PBXFileReference; lastKnownFileType = file.xib; path = OtherColorCell.xib; sourceTree = "<group>"; };
		845105DB24BF07C70023FB0F /* SizeCell.swift */ = {isa = PBXFileReference; lastKnownFileType = sourcecode.swift; path = SizeCell.swift; sourceTree = "<group>"; };
		845105DC24BF07C70023FB0F /* SizeCell.xib */ = {isa = PBXFileReference; lastKnownFileType = file.xib; path = SizeCell.xib; sourceTree = "<group>"; };
		845105DF24BF0A2C0023FB0F /* Size.swift */ = {isa = PBXFileReference; lastKnownFileType = sourcecode.swift; path = Size.swift; sourceTree = "<group>"; };
		84511A7B24B6D4DC00282BCF /* APIRequest.swift */ = {isa = PBXFileReference; lastKnownFileType = sourcecode.swift; path = APIRequest.swift; sourceTree = "<group>"; };
		84511A7D24B6D4EB00282BCF /* APIResponse.swift */ = {isa = PBXFileReference; lastKnownFileType = sourcecode.swift; path = APIResponse.swift; sourceTree = "<group>"; };
		84511A7F24B6E42200282BCF /* Result.swift */ = {isa = PBXFileReference; lastKnownFileType = sourcecode.swift; path = Result.swift; sourceTree = "<group>"; };
		8453423C24A1EA1E0003EFB7 /* FindsCell.swift */ = {isa = PBXFileReference; lastKnownFileType = sourcecode.swift; path = FindsCell.swift; sourceTree = "<group>"; };
		8453423D24A1EA1E0003EFB7 /* FindsCell.xib */ = {isa = PBXFileReference; lastKnownFileType = file.xib; path = FindsCell.xib; sourceTree = "<group>"; };
		8453424024A1EA3A0003EFB7 /* FindsBannerCell.swift */ = {isa = PBXFileReference; lastKnownFileType = sourcecode.swift; path = FindsBannerCell.swift; sourceTree = "<group>"; };
		8453424124A1EA3A0003EFB7 /* FindsBannerCell.xib */ = {isa = PBXFileReference; lastKnownFileType = file.xib; path = FindsBannerCell.xib; sourceTree = "<group>"; };
		8453424424A202AF0003EFB7 /* RatingView.swift */ = {isa = PBXFileReference; lastKnownFileType = sourcecode.swift; path = RatingView.swift; sourceTree = "<group>"; };
		8453424624A204820003EFB7 /* RatingView.xib */ = {isa = PBXFileReference; lastKnownFileType = file.xib; path = RatingView.xib; sourceTree = "<group>"; };
		845397DB249CC30100BF7B53 /* CategoriesCell.swift */ = {isa = PBXFileReference; lastKnownFileType = sourcecode.swift; path = CategoriesCell.swift; sourceTree = "<group>"; };
		845397DC249CC30100BF7B53 /* CategoriesCell.xib */ = {isa = PBXFileReference; lastKnownFileType = file.xib; path = CategoriesCell.xib; sourceTree = "<group>"; };
		845397DF249CC6D800BF7B53 /* CategoryCell.swift */ = {isa = PBXFileReference; lastKnownFileType = sourcecode.swift; path = CategoryCell.swift; sourceTree = "<group>"; };
		845397E0249CC6D800BF7B53 /* CategoryCell.xib */ = {isa = PBXFileReference; lastKnownFileType = file.xib; path = CategoryCell.xib; sourceTree = "<group>"; };
		8455750024C7F5B60042140C /* ProductDataModel.swift */ = {isa = PBXFileReference; lastKnownFileType = sourcecode.swift; path = ProductDataModel.swift; sourceTree = "<group>"; };
		8455750224C8638E0042140C /* GetRelatedProducts.swift */ = {isa = PBXFileReference; lastKnownFileType = sourcecode.swift; path = GetRelatedProducts.swift; sourceTree = "<group>"; };
		8455750524C8663C0042140C /* ProductsType.swift */ = {isa = PBXFileReference; lastKnownFileType = sourcecode.swift; path = ProductsType.swift; sourceTree = "<group>"; };
		8456EE4C248F753B009DB9F5 /* ModelJSON.swift */ = {isa = PBXFileReference; lastKnownFileType = sourcecode.swift; path = ModelJSON.swift; sourceTree = "<group>"; };
		8456EE4E248F8309009DB9F5 /* API.swift */ = {isa = PBXFileReference; lastKnownFileType = sourcecode.swift; path = API.swift; sourceTree = "<group>"; };
		8457A516248E4FB400E2943F /* kari-pet-project.app */ = {isa = PBXFileReference; explicitFileType = wrapper.application; includeInIndex = 0; path = "kari-pet-project.app"; sourceTree = BUILT_PRODUCTS_DIR; };
		8457A519248E4FB400E2943F /* AppDelegate.swift */ = {isa = PBXFileReference; lastKnownFileType = sourcecode.swift; path = AppDelegate.swift; sourceTree = "<group>"; };
		8457A51E248E4FB400E2943F /* Base */ = {isa = PBXFileReference; lastKnownFileType = file.storyboard; name = Base; path = Base.lproj/Main.storyboard; sourceTree = "<group>"; };
		8457A520248E4FB700E2943F /* Assets.xcassets */ = {isa = PBXFileReference; lastKnownFileType = folder.assetcatalog; path = Assets.xcassets; sourceTree = "<group>"; };
		8457A523248E4FB700E2943F /* Base */ = {isa = PBXFileReference; lastKnownFileType = file.storyboard; name = Base; path = Base.lproj/LaunchScreen.storyboard; sourceTree = "<group>"; };
		8457A525248E4FB700E2943F /* Info.plist */ = {isa = PBXFileReference; lastKnownFileType = text.plist.xml; path = Info.plist; sourceTree = "<group>"; };
		8457A52A248E4FB700E2943F /* kari-pet-projectTests.xctest */ = {isa = PBXFileReference; explicitFileType = wrapper.cfbundle; includeInIndex = 0; path = "kari-pet-projectTests.xctest"; sourceTree = BUILT_PRODUCTS_DIR; };
		8457A52E248E4FB700E2943F /* kari_pet_projectTests.swift */ = {isa = PBXFileReference; lastKnownFileType = sourcecode.swift; path = kari_pet_projectTests.swift; sourceTree = "<group>"; };
		8457A530248E4FB700E2943F /* Info.plist */ = {isa = PBXFileReference; lastKnownFileType = text.plist.xml; path = Info.plist; sourceTree = "<group>"; };
		8457A535248E4FB700E2943F /* kari-pet-projectUITests.xctest */ = {isa = PBXFileReference; explicitFileType = wrapper.cfbundle; includeInIndex = 0; path = "kari-pet-projectUITests.xctest"; sourceTree = BUILT_PRODUCTS_DIR; };
		8457A539248E4FB700E2943F /* kari_pet_projectUITests.swift */ = {isa = PBXFileReference; lastKnownFileType = sourcecode.swift; path = kari_pet_projectUITests.swift; sourceTree = "<group>"; };
		8457A53B248E4FB700E2943F /* Info.plist */ = {isa = PBXFileReference; lastKnownFileType = text.plist.xml; path = Info.plist; sourceTree = "<group>"; };
		8463C88E24A0684200417B51 /* InformationCell.swift */ = {isa = PBXFileReference; lastKnownFileType = sourcecode.swift; path = InformationCell.swift; sourceTree = "<group>"; };
		8463C88F24A0684200417B51 /* InformationCell.xib */ = {isa = PBXFileReference; lastKnownFileType = file.xib; path = InformationCell.xib; sourceTree = "<group>"; };
		8463C89224A068D900417B51 /* InfoBannerCell.swift */ = {isa = PBXFileReference; lastKnownFileType = sourcecode.swift; path = InfoBannerCell.swift; sourceTree = "<group>"; };
		8463C89324A068D900417B51 /* InfoBannerCell.xib */ = {isa = PBXFileReference; lastKnownFileType = file.xib; path = InfoBannerCell.xib; sourceTree = "<group>"; };
		8463C89624A0764D00417B51 /* CatalogCell.swift */ = {isa = PBXFileReference; lastKnownFileType = sourcecode.swift; path = CatalogCell.swift; sourceTree = "<group>"; };
		8463C89724A0764D00417B51 /* CatalogCell.xib */ = {isa = PBXFileReference; lastKnownFileType = file.xib; path = CatalogCell.xib; sourceTree = "<group>"; };
		8463C89A24A07A6500417B51 /* ThumbnailCell.swift */ = {isa = PBXFileReference; lastKnownFileType = sourcecode.swift; path = ThumbnailCell.swift; sourceTree = "<group>"; };
		8463C89B24A07A6500417B51 /* ThumbnailCell.xib */ = {isa = PBXFileReference; lastKnownFileType = file.xib; path = ThumbnailCell.xib; sourceTree = "<group>"; };
		8463C89E24A0AAD400417B51 /* BrandsCell.swift */ = {isa = PBXFileReference; lastKnownFileType = sourcecode.swift; path = BrandsCell.swift; sourceTree = "<group>"; };
		8463C89F24A0AAD400417B51 /* BrandsCell.xib */ = {isa = PBXFileReference; lastKnownFileType = file.xib; path = BrandsCell.xib; sourceTree = "<group>"; };
		8463C8A224A0AAFC00417B51 /* BrandCell.swift */ = {isa = PBXFileReference; lastKnownFileType = sourcecode.swift; path = BrandCell.swift; sourceTree = "<group>"; };
		8463C8A324A0AAFC00417B51 /* BrandCell.xib */ = {isa = PBXFileReference; lastKnownFileType = file.xib; path = BrandCell.xib; sourceTree = "<group>"; };
		846FF0DF24A5C76B00E04182 /* UIColor+Hex.swift */ = {isa = PBXFileReference; lastKnownFileType = sourcecode.swift; path = "UIColor+Hex.swift"; sourceTree = "<group>"; };
		846FF0E324A5DE1100E04182 /* BrandModel.swift */ = {isa = PBXFileReference; lastKnownFileType = sourcecode.swift; path = BrandModel.swift; sourceTree = "<group>"; };
		846FF0E524A5DE3C00E04182 /* Background.swift */ = {isa = PBXFileReference; lastKnownFileType = sourcecode.swift; path = Background.swift; sourceTree = "<group>"; };
		846FF0E724A5E00500E04182 /* FontColor.swift */ = {isa = PBXFileReference; lastKnownFileType = sourcecode.swift; path = FontColor.swift; sourceTree = "<group>"; };
		846FF0E924A5E02100E04182 /* Filters.swift */ = {isa = PBXFileReference; lastKnownFileType = sourcecode.swift; path = Filters.swift; sourceTree = "<group>"; };
		846FF0EB24A5E03800E04182 /* Params.swift */ = {isa = PBXFileReference; lastKnownFileType = sourcecode.swift; path = Params.swift; sourceTree = "<group>"; };
		846FF0ED24A5E05D00E04182 /* Action.swift */ = {isa = PBXFileReference; lastKnownFileType = sourcecode.swift; path = Action.swift; sourceTree = "<group>"; };
		846FF0EF24A5E06F00E04182 /* BreadCrumbs.swift */ = {isa = PBXFileReference; lastKnownFileType = sourcecode.swift; path = BreadCrumbs.swift; sourceTree = "<group>"; };
		846FF0F124A5E08400E04182 /* CollectionField.swift */ = {isa = PBXFileReference; lastKnownFileType = sourcecode.swift; path = CollectionField.swift; sourceTree = "<group>"; };
		846FF0F324A5E09500E04182 /* Price.swift */ = {isa = PBXFileReference; lastKnownFileType = sourcecode.swift; path = Price.swift; sourceTree = "<group>"; };
		846FF0F624A5E0AD00E04182 /* Brand.swift */ = {isa = PBXFileReference; lastKnownFileType = sourcecode.swift; path = Brand.swift; sourceTree = "<group>"; };
		846FF0F824A5E0C200E04182 /* Colors.swift */ = {isa = PBXFileReference; lastKnownFileType = sourcecode.swift; path = Colors.swift; sourceTree = "<group>"; };
		846FF0FA24A5E0E100E04182 /* Rate.swift */ = {isa = PBXFileReference; lastKnownFileType = sourcecode.swift; path = Rate.swift; sourceTree = "<group>"; };
		846FF0FC24A5E0F800E04182 /* StockBannerModel.swift */ = {isa = PBXFileReference; lastKnownFileType = sourcecode.swift; path = StockBannerModel.swift; sourceTree = "<group>"; };
		846FF0FE24A5E11600E04182 /* ProductsModel.swift */ = {isa = PBXFileReference; lastKnownFileType = sourcecode.swift; path = ProductsModel.swift; sourceTree = "<group>"; };
		846FF10024A5E12E00E04182 /* CategoriesTree.swift */ = {isa = PBXFileReference; lastKnownFileType = sourcecode.swift; path = CategoriesTree.swift; sourceTree = "<group>"; };
		846FF10224A5E14200E04182 /* AdditionalData.swift */ = {isa = PBXFileReference; lastKnownFileType = sourcecode.swift; path = AdditionalData.swift; sourceTree = "<group>"; };
		846FF10424A6123F00E04182 /* BlockType.swift */ = {isa = PBXFileReference; lastKnownFileType = sourcecode.swift; path = BlockType.swift; sourceTree = "<group>"; };
		848B2FD624BC375F00E6AEEF /* HttpMethod.swift */ = {isa = PBXFileReference; lastKnownFileType = sourcecode.swift; path = HttpMethod.swift; sourceTree = "<group>"; };
		848B2FE324BC6D1600E6AEEF /* GoodsVC.swift */ = {isa = PBXFileReference; lastKnownFileType = sourcecode.swift; path = GoodsVC.swift; sourceTree = "<group>"; };
		8496845124B71C1900B56D3B /* GetMainScreenData.swift */ = {isa = PBXFileReference; lastKnownFileType = sourcecode.swift; path = GetMainScreenData.swift; sourceTree = "<group>"; };
		84B97F9E2498B563000AB86B /* SliderCell.swift */ = {isa = PBXFileReference; lastKnownFileType = sourcecode.swift; path = SliderCell.swift; sourceTree = "<group>"; };
		84B97F9F2498B563000AB86B /* SliderCell.xib */ = {isa = PBXFileReference; lastKnownFileType = file.xib; path = SliderCell.xib; sourceTree = "<group>"; };
		84B97FA22498B5FB000AB86B /* BannerCell.swift */ = {isa = PBXFileReference; lastKnownFileType = sourcecode.swift; path = BannerCell.swift; sourceTree = "<group>"; };
		84B97FA32498B5FB000AB86B /* BannerCell.xib */ = {isa = PBXFileReference; lastKnownFileType = file.xib; path = BannerCell.xib; sourceTree = "<group>"; };
		84BE46BD24C6E8CF00692B8A /* GetRecomendedProducts.swift */ = {isa = PBXFileReference; lastKnownFileType = sourcecode.swift; path = GetRecomendedProducts.swift; sourceTree = "<group>"; };
		84BE46C324C7006D00692B8A /* ProductsBlock.swift */ = {isa = PBXFileReference; lastKnownFileType = sourcecode.swift; path = ProductsBlock.swift; sourceTree = "<group>"; };
		84BE46C524C7133200692B8A /* URLRequest+cURL.swift */ = {isa = PBXFileReference; lastKnownFileType = sourcecode.swift; path = "URLRequest+cURL.swift"; sourceTree = "<group>"; };
		84CE118C249B9D0700CA3FA2 /* MainScreenVC.swift */ = {isa = PBXFileReference; lastKnownFileType = sourcecode.swift; path = MainScreenVC.swift; sourceTree = "<group>"; };
		84D0894424B5C55F00997EF4 /* APIClient.swift */ = {isa = PBXFileReference; lastKnownFileType = sourcecode.swift; path = APIClient.swift; sourceTree = "<group>"; };
		84D2BD1624BD813500298C94 /* GoodsCard.swift */ = {isa = PBXFileReference; lastKnownFileType = sourcecode.swift; path = GoodsCard.swift; sourceTree = "<group>"; };
		84D2BD1824BD822200298C94 /* Media.swift */ = {isa = PBXFileReference; lastKnownFileType = sourcecode.swift; path = Media.swift; sourceTree = "<group>"; };
		84D2BD1A24BD83F400298C94 /* GetGoodsCard.swift */ = {isa = PBXFileReference; lastKnownFileType = sourcecode.swift; path = GetGoodsCard.swift; sourceTree = "<group>"; };
		84D2BD1D24BDB92700298C94 /* GoodsCardCell.swift */ = {isa = PBXFileReference; lastKnownFileType = sourcecode.swift; path = GoodsCardCell.swift; sourceTree = "<group>"; };
		84D2BD1E24BDB92700298C94 /* GoodsCardCell.xib */ = {isa = PBXFileReference; lastKnownFileType = file.xib; path = GoodsCardCell.xib; sourceTree = "<group>"; };
		84DD66B924BC8472009665B4 /* GoodsCardsCell.swift */ = {isa = PBXFileReference; lastKnownFileType = sourcecode.swift; path = GoodsCardsCell.swift; sourceTree = "<group>"; };
		84DD66BA24BC8472009665B4 /* GoodsCardsCell.xib */ = {isa = PBXFileReference; lastKnownFileType = file.xib; path = GoodsCardsCell.xib; sourceTree = "<group>"; };
		84FF3A0524C0497300A2F11E /* NetworkingError.swift */ = {isa = PBXFileReference; lastKnownFileType = sourcecode.swift; path = NetworkingError.swift; sourceTree = "<group>"; };
		84FF3A0724C074FF00A2F11E /* ReusableVC.swift */ = {isa = PBXFileReference; lastKnownFileType = sourcecode.swift; path = ReusableVC.swift; sourceTree = "<group>"; };
		8AC518AF65941D999DAFD566 /* Pods-kari-pet-project.debug.xcconfig */ = {isa = PBXFileReference; includeInIndex = 1; lastKnownFileType = text.xcconfig; name = "Pods-kari-pet-project.debug.xcconfig"; path = "Target Support Files/Pods-kari-pet-project/Pods-kari-pet-project.debug.xcconfig"; sourceTree = "<group>"; };
/* End PBXFileReference section */

/* Begin PBXFrameworksBuildPhase section */
		8457A513248E4FB400E2943F /* Frameworks */ = {
			isa = PBXFrameworksBuildPhase;
			buildActionMask = 2147483647;
			files = (
				8D8787D396771EE2DAC9B025 /* Pods_kari_pet_project.framework in Frameworks */,
			);
			runOnlyForDeploymentPostprocessing = 0;
		};
		8457A527248E4FB700E2943F /* Frameworks */ = {
			isa = PBXFrameworksBuildPhase;
			buildActionMask = 2147483647;
			files = (
			);
			runOnlyForDeploymentPostprocessing = 0;
		};
		8457A532248E4FB700E2943F /* Frameworks */ = {
			isa = PBXFrameworksBuildPhase;
			buildActionMask = 2147483647;
			files = (
			);
			runOnlyForDeploymentPostprocessing = 0;
		};
/* End PBXFrameworksBuildPhase section */

/* Begin PBXGroup section */
		8440C22624EFEE8800BCABE0 /* Interactor */ = {
			isa = PBXGroup;
			children = (
				8442404724DAAA9D00692CD1 /* MainScreenInteractor.swift */,
			);
			path = Interactor;
			sourceTree = "<group>";
		};
		8440C22724EFEE9400BCABE0 /* Presenter */ = {
			isa = PBXGroup;
			children = (
				8440BD9A24D9534700A5E16C /* MainScreenPresenter.swift */,
			);
			path = Presenter;
			sourceTree = "<group>";
		};
		8440C22824EFEEED00BCABE0 /* ViewController */ = {
			isa = PBXGroup;
			children = (
				84CE118C249B9D0700CA3FA2 /* MainScreenVC.swift */,
			);
			path = ViewController;
			sourceTree = "<group>";
		};
		84424BFA24F3AE5E00BF45F4 /* ViewController */ = {
			isa = PBXGroup;
			children = (
				848B2FE324BC6D1600E6AEEF /* GoodsVC.swift */,
			);
			path = ViewController;
			sourceTree = "<group>";
		};
		84424BFB24F3AE6E00BF45F4 /* Interactor */ = {
			isa = PBXGroup;
			children = (
				8442404D24DACE3300692CD1 /* GoodsInteractor.swift */,
			);
			path = Interactor;
			sourceTree = "<group>";
		};
		84424BFC24F3AE8000BF45F4 /* Presenter */ = {
			isa = PBXGroup;
			children = (
				8442404324DA704300692CD1 /* GoodsPresenter.swift */,
			);
			path = Presenter;
			sourceTree = "<group>";
		};
		844D60ED24E3C5220093EB06 /* CategoriesCell */ = {
			isa = PBXGroup;
			children = (
				845397DB249CC30100BF7B53 /* CategoriesCell.swift */,
				845397DC249CC30100BF7B53 /* CategoriesCell.xib */,
				844D60EE24E3C54E0093EB06 /* CategoriesCellProvider.swift */,
			);
			path = CategoriesCell;
			sourceTree = "<group>";
		};
		844D60F024E3F5FB0093EB06 /* SliderCell */ = {
			isa = PBXGroup;
			children = (
				84B97F9E2498B563000AB86B /* SliderCell.swift */,
				84B97F9F2498B563000AB86B /* SliderCell.xib */,
				844D60F124E3F6160093EB06 /* SliderCellProvider.swift */,
			);
			path = SliderCell;
			sourceTree = "<group>";
		};
		844D60F324E3F7C80093EB06 /* InformationCell */ = {
			isa = PBXGroup;
			children = (
				8463C88E24A0684200417B51 /* InformationCell.swift */,
				8463C88F24A0684200417B51 /* InformationCell.xib */,
				844D60F424E3F7EF0093EB06 /* InformationCellProvider.swift */,
			);
			path = InformationCell;
			sourceTree = "<group>";
		};
		844D60F624E3F9440093EB06 /* FindsCell */ = {
			isa = PBXGroup;
			children = (
				8453423C24A1EA1E0003EFB7 /* FindsCell.swift */,
				8453423D24A1EA1E0003EFB7 /* FindsCell.xib */,
				844D60F724E3F9620093EB06 /* FindsCellProvider.swift */,
			);
			path = FindsCell;
			sourceTree = "<group>";
		};
		844D60F924E3FAB20093EB06 /* BrandsCell */ = {
			isa = PBXGroup;
			children = (
				8463C89E24A0AAD400417B51 /* BrandsCell.swift */,
				8463C89F24A0AAD400417B51 /* BrandsCell.xib */,
				844D60FA24E3FACA0093EB06 /* BrandsCellProvider.swift */,
			);
			path = BrandsCell;
			sourceTree = "<group>";
		};
		844D60FC24E3FB6D0093EB06 /* CatalogCell */ = {
			isa = PBXGroup;
			children = (
				8463C89624A0764D00417B51 /* CatalogCell.swift */,
				8463C89724A0764D00417B51 /* CatalogCell.xib */,
				844D60FD24E3FB890093EB06 /* CatalogCellProvider.swift */,
			);
			path = CatalogCell;
			sourceTree = "<group>";
		};
		844D60FF24E4005A0093EB06 /* Provider */ = {
			isa = PBXGroup;
			children = (
				844D60E324E3A61A0093EB06 /* TableCellProviding.swift */,
				844D60E524E3A6AF0093EB06 /* AnyTableCellProviding.swift */,
				844D60E924E3AB8F0093EB06 /* ConfigurableTableCell.swift */,
			);
			path = Provider;
			sourceTree = "<group>";
		};
		8453423B24A1BC750003EFB7 /* UIViews */ = {
			isa = PBXGroup;
			children = (
				8453424424A202AF0003EFB7 /* RatingView.swift */,
				8453424624A204820003EFB7 /* RatingView.xib */,
			);
			path = UIViews;
			sourceTree = "<group>";
		};
		8455750424C866110042140C /* Enums */ = {
			isa = PBXGroup;
			children = (
				8455750524C8663C0042140C /* ProductsType.swift */,
			);
			path = Enums;
			sourceTree = "<group>";
		};
		8456EE48248F6B18009DB9F5 /* Models */ = {
			isa = PBXGroup;
			children = (
				84D2BD1624BD813500298C94 /* GoodsCard.swift */,
				84D2BD1824BD822200298C94 /* Media.swift */,
				845105DF24BF0A2C0023FB0F /* Size.swift */,
				84BE46C324C7006D00692B8A /* ProductsBlock.swift */,
				8455750024C7F5B60042140C /* ProductDataModel.swift */,
				8456EE4C248F753B009DB9F5 /* ModelJSON.swift */,
				846FF10424A6123F00E04182 /* BlockType.swift */,
				846FF0E324A5DE1100E04182 /* BrandModel.swift */,
				846FF0E524A5DE3C00E04182 /* Background.swift */,
				846FF0E724A5E00500E04182 /* FontColor.swift */,
				846FF0E924A5E02100E04182 /* Filters.swift */,
				846FF0EB24A5E03800E04182 /* Params.swift */,
				846FF0ED24A5E05D00E04182 /* Action.swift */,
				846FF0EF24A5E06F00E04182 /* BreadCrumbs.swift */,
				846FF0F124A5E08400E04182 /* CollectionField.swift */,
				846FF0F324A5E09500E04182 /* Price.swift */,
				846FF0F624A5E0AD00E04182 /* Brand.swift */,
				846FF0F824A5E0C200E04182 /* Colors.swift */,
				846FF0FA24A5E0E100E04182 /* Rate.swift */,
				846FF0FC24A5E0F800E04182 /* StockBannerModel.swift */,
				846FF0FE24A5E11600E04182 /* ProductsModel.swift */,
				846FF10024A5E12E00E04182 /* CategoriesTree.swift */,
				846FF10224A5E14200E04182 /* AdditionalData.swift */,
				84493B3924EE53EC00F6A45F /* GoodsCardScreenData.swift */,
			);
			path = Models;
			sourceTree = "<group>";
		};
		8456EE4B248F700A009DB9F5 /* Constants */ = {
			isa = PBXGroup;
			children = (
				8456EE4E248F8309009DB9F5 /* API.swift */,
			);
			path = Constants;
			sourceTree = "<group>";
		};
		8457A50D248E4FB400E2943F = {
			isa = PBXGroup;
			children = (
				8457A518248E4FB400E2943F /* kari-pet-project */,
				8457A52D248E4FB700E2943F /* kari-pet-projectTests */,
				8457A538248E4FB700E2943F /* kari-pet-projectUITests */,
				8457A517248E4FB400E2943F /* Products */,
				D9B08F8CAF72FCDF9F2998CF /* Pods */,
				FD3B2983F2806D25CB9B74A1 /* Frameworks */,
			);
			sourceTree = "<group>";
		};
		8457A517248E4FB400E2943F /* Products */ = {
			isa = PBXGroup;
			children = (
				8457A516248E4FB400E2943F /* kari-pet-project.app */,
				8457A52A248E4FB700E2943F /* kari-pet-projectTests.xctest */,
				8457A535248E4FB700E2943F /* kari-pet-projectUITests.xctest */,
			);
			name = Products;
			sourceTree = "<group>";
		};
		8457A518248E4FB400E2943F /* kari-pet-project */ = {
			isa = PBXGroup;
			children = (
				8457A51D248E4FB400E2943F /* Main.storyboard */,
				8456EE48248F6B18009DB9F5 /* Models */,
				848B2FD824BC4BB500E6AEEF /* Goods */,
				84D0893E24B5C47D00997EF4 /* Networking */,
				846FF0DE24A5C74D00E04182 /* Exstensions */,
				8453423B24A1BC750003EFB7 /* UIViews */,
				84CE1187249B780B00CA3FA2 /* MainScreen */,
				8457A519248E4FB400E2943F /* AppDelegate.swift */,
				8457A520248E4FB700E2943F /* Assets.xcassets */,
				8457A522248E4FB700E2943F /* LaunchScreen.storyboard */,
				8457A525248E4FB700E2943F /* Info.plist */,
			);
			path = "kari-pet-project";
			sourceTree = "<group>";
		};
		8457A52D248E4FB700E2943F /* kari-pet-projectTests */ = {
			isa = PBXGroup;
			children = (
				8457A52E248E4FB700E2943F /* kari_pet_projectTests.swift */,
				8457A530248E4FB700E2943F /* Info.plist */,
			);
			path = "kari-pet-projectTests";
			sourceTree = "<group>";
		};
		8457A538248E4FB700E2943F /* kari-pet-projectUITests */ = {
			isa = PBXGroup;
			children = (
				8457A539248E4FB700E2943F /* kari_pet_projectUITests.swift */,
				8457A53B248E4FB700E2943F /* Info.plist */,
			);
			path = "kari-pet-projectUITests";
			sourceTree = "<group>";
		};
		846FF0DE24A5C74D00E04182 /* Exstensions */ = {
			isa = PBXGroup;
			children = (
				846FF0DF24A5C76B00E04182 /* UIColor+Hex.swift */,
				843F373624B434D1000ED099 /* UITableView+CellRegistration.swift */,
				84FF3A0724C074FF00A2F11E /* ReusableVC.swift */,
				84BE46C524C7133200692B8A /* URLRequest+cURL.swift */,
				8433062B24EC004B006271CB /* ErrorDisplaying.swift */,
			);
			path = Exstensions;
			sourceTree = "<group>";
		};
		848B2FD824BC4BB500E6AEEF /* Goods */ = {
			isa = PBXGroup;
			children = (
				84424BF824F39C7C00BF45F4 /* Goods.swift */,
				8442404B24DACDF400692CD1 /* GoodsConfigurator.swift */,
				8442404F24DACF5A00692CD1 /* GoodsRouter.swift */,
				84424BFA24F3AE5E00BF45F4 /* ViewController */,
				84424BFB24F3AE6E00BF45F4 /* Interactor */,
				84424BFC24F3AE8000BF45F4 /* Presenter */,
				84DD66B824BC839D009665B4 /* TableViewCells */,
				8455750424C866110042140C /* Enums */,
			);
			path = Goods;
			sourceTree = "<group>";
		};
		84B97F972498AFF5000AB86B /* TableViewCells */ = {
			isa = PBXGroup;
			children = (
				844D60FF24E4005A0093EB06 /* Provider */,
				844D60F024E3F5FB0093EB06 /* SliderCell */,
				844D60ED24E3C5220093EB06 /* CategoriesCell */,
				844D60F324E3F7C80093EB06 /* InformationCell */,
				844D60FC24E3FB6D0093EB06 /* CatalogCell */,
				844D60F924E3FAB20093EB06 /* BrandsCell */,
				844D60F624E3F9440093EB06 /* FindsCell */,
				84B97FA82498C975000AB86B /* CollectionViewCells */,
			);
			path = TableViewCells;
			sourceTree = "<group>";
		};
		84B97FA82498C975000AB86B /* CollectionViewCells */ = {
			isa = PBXGroup;
			children = (
				84B97FA22498B5FB000AB86B /* BannerCell.swift */,
				84B97FA32498B5FB000AB86B /* BannerCell.xib */,
				845397DF249CC6D800BF7B53 /* CategoryCell.swift */,
				845397E0249CC6D800BF7B53 /* CategoryCell.xib */,
				8463C89224A068D900417B51 /* InfoBannerCell.swift */,
				8463C89324A068D900417B51 /* InfoBannerCell.xib */,
				8463C89A24A07A6500417B51 /* ThumbnailCell.swift */,
				8463C89B24A07A6500417B51 /* ThumbnailCell.xib */,
				843B533824AAF5ED007C4CBB /* ColorsCell.swift */,
				843B533924AAF5ED007C4CBB /* ColorsCell.xib */,
				8463C8A224A0AAFC00417B51 /* BrandCell.swift */,
				8463C8A324A0AAFC00417B51 /* BrandCell.xib */,
				8453424024A1EA3A0003EFB7 /* FindsBannerCell.swift */,
				8453424124A1EA3A0003EFB7 /* FindsBannerCell.xib */,
			);
			path = CollectionViewCells;
			sourceTree = "<group>";
		};
		84CE1187249B780B00CA3FA2 /* MainScreen */ = {
			isa = PBXGroup;
			children = (
				8440C22924EFEF8800BCABE0 /* MainScreen.swift */,
				8442404524DAA98100692CD1 /* MainScreenConfigurator.swift */,
				8442404924DAABBD00692CD1 /* MainScreenRouter.swift */,
				8440C22824EFEEED00BCABE0 /* ViewController */,
				8440C22624EFEE8800BCABE0 /* Interactor */,
				8440C22724EFEE9400BCABE0 /* Presenter */,
				84B97F972498AFF5000AB86B /* TableViewCells */,
			);
			path = MainScreen;
			sourceTree = "<group>";
		};
		84D0893E24B5C47D00997EF4 /* Networking */ = {
			isa = PBXGroup;
			children = (
				8456EE4B248F700A009DB9F5 /* Constants */,
				84D0894124B5C4B700997EF4 /* Protocols */,
				84D0894024B5C49B00997EF4 /* Models */,
			);
			path = Networking;
			sourceTree = "<group>";
		};
		84D0894024B5C49B00997EF4 /* Models */ = {
			isa = PBXGroup;
			children = (
				8455750224C8638E0042140C /* GetRelatedProducts.swift */,
				84BE46BD24C6E8CF00692B8A /* GetRecomendedProducts.swift */,
				8496845124B71C1900B56D3B /* GetMainScreenData.swift */,
				84D2BD1A24BD83F400298C94 /* GetGoodsCard.swift */,
				848B2FD624BC375F00E6AEEF /* HttpMethod.swift */,
			);
			path = Models;
			sourceTree = "<group>";
		};
		84D0894124B5C4B700997EF4 /* Protocols */ = {
			isa = PBXGroup;
			children = (
				84D0894424B5C55F00997EF4 /* APIClient.swift */,
				84511A7B24B6D4DC00282BCF /* APIRequest.swift */,
				84511A7D24B6D4EB00282BCF /* APIResponse.swift */,
				84511A7F24B6E42200282BCF /* Result.swift */,
				84FF3A0524C0497300A2F11E /* NetworkingError.swift */,
			);
			path = Protocols;
			sourceTree = "<group>";
		};
		84D2BD1C24BDB90300298C94 /* CollectionViewCells */ = {
			isa = PBXGroup;
			children = (
				84D2BD1D24BDB92700298C94 /* GoodsCardCell.swift */,
				84D2BD1E24BDB92700298C94 /* GoodsCardCell.xib */,
				845105D724BEFE6F0023FB0F /* OtherColorCell.swift */,
				845105D824BEFE6F0023FB0F /* OtherColorCell.xib */,
				845105DB24BF07C70023FB0F /* SizeCell.swift */,
				845105DC24BF07C70023FB0F /* SizeCell.xib */,
			);
			path = CollectionViewCells;
			sourceTree = "<group>";
		};
		84DD66B824BC839D009665B4 /* TableViewCells */ = {
			isa = PBXGroup;
			children = (
				84DD66B924BC8472009665B4 /* GoodsCardsCell.swift */,
				84DD66BA24BC8472009665B4 /* GoodsCardsCell.xib */,
				84D2BD1C24BDB90300298C94 /* CollectionViewCells */,
			);
			path = TableViewCells;
			sourceTree = "<group>";
		};
		D9B08F8CAF72FCDF9F2998CF /* Pods */ = {
			isa = PBXGroup;
			children = (
				8AC518AF65941D999DAFD566 /* Pods-kari-pet-project.debug.xcconfig */,
				1236C8C2CDB51A66DDD8D7D1 /* Pods-kari-pet-project.release.xcconfig */,
			);
			path = Pods;
			sourceTree = "<group>";
		};
		FD3B2983F2806D25CB9B74A1 /* Frameworks */ = {
			isa = PBXGroup;
			children = (
				354DE11A5CABB6548C5CCE2B /* Pods_kari_pet_project.framework */,
			);
			name = Frameworks;
			sourceTree = "<group>";
		};
/* End PBXGroup section */

/* Begin PBXNativeTarget section */
		8457A515248E4FB400E2943F /* kari-pet-project */ = {
			isa = PBXNativeTarget;
			buildConfigurationList = 8457A53E248E4FB700E2943F /* Build configuration list for PBXNativeTarget "kari-pet-project" */;
			buildPhases = (
				AF09183C9865F058F22AD469 /* [CP] Check Pods Manifest.lock */,
				8457A512248E4FB400E2943F /* Sources */,
				8457A513248E4FB400E2943F /* Frameworks */,
				8457A514248E4FB400E2943F /* Resources */,
				BAA8980D1658DE9BD384EC5A /* [CP] Embed Pods Frameworks */,
			);
			buildRules = (
			);
			dependencies = (
			);
			name = "kari-pet-project";
			productName = "kari-pet-project";
			productReference = 8457A516248E4FB400E2943F /* kari-pet-project.app */;
			productType = "com.apple.product-type.application";
		};
		8457A529248E4FB700E2943F /* kari-pet-projectTests */ = {
			isa = PBXNativeTarget;
			buildConfigurationList = 8457A541248E4FB700E2943F /* Build configuration list for PBXNativeTarget "kari-pet-projectTests" */;
			buildPhases = (
				8457A526248E4FB700E2943F /* Sources */,
				8457A527248E4FB700E2943F /* Frameworks */,
				8457A528248E4FB700E2943F /* Resources */,
			);
			buildRules = (
			);
			dependencies = (
				8457A52C248E4FB700E2943F /* PBXTargetDependency */,
			);
			name = "kari-pet-projectTests";
			productName = "kari-pet-projectTests";
			productReference = 8457A52A248E4FB700E2943F /* kari-pet-projectTests.xctest */;
			productType = "com.apple.product-type.bundle.unit-test";
		};
		8457A534248E4FB700E2943F /* kari-pet-projectUITests */ = {
			isa = PBXNativeTarget;
			buildConfigurationList = 8457A544248E4FB700E2943F /* Build configuration list for PBXNativeTarget "kari-pet-projectUITests" */;
			buildPhases = (
				8457A531248E4FB700E2943F /* Sources */,
				8457A532248E4FB700E2943F /* Frameworks */,
				8457A533248E4FB700E2943F /* Resources */,
			);
			buildRules = (
			);
			dependencies = (
				8457A537248E4FB700E2943F /* PBXTargetDependency */,
			);
			name = "kari-pet-projectUITests";
			productName = "kari-pet-projectUITests";
			productReference = 8457A535248E4FB700E2943F /* kari-pet-projectUITests.xctest */;
			productType = "com.apple.product-type.bundle.ui-testing";
		};
/* End PBXNativeTarget section */

/* Begin PBXProject section */
		8457A50E248E4FB400E2943F /* Project object */ = {
			isa = PBXProject;
			attributes = {
				LastSwiftUpdateCheck = 1010;
				LastUpgradeCheck = 1010;
				ORGANIZATIONNAME = Admin;
				TargetAttributes = {
					8457A515248E4FB400E2943F = {
						CreatedOnToolsVersion = 10.1;
					};
					8457A529248E4FB700E2943F = {
						CreatedOnToolsVersion = 10.1;
						TestTargetID = 8457A515248E4FB400E2943F;
					};
					8457A534248E4FB700E2943F = {
						CreatedOnToolsVersion = 10.1;
						TestTargetID = 8457A515248E4FB400E2943F;
					};
				};
			};
			buildConfigurationList = 8457A511248E4FB400E2943F /* Build configuration list for PBXProject "kari-pet-project" */;
			compatibilityVersion = "Xcode 9.3";
			developmentRegion = en;
			hasScannedForEncodings = 0;
			knownRegions = (
				en,
				Base,
			);
			mainGroup = 8457A50D248E4FB400E2943F;
			productRefGroup = 8457A517248E4FB400E2943F /* Products */;
			projectDirPath = "";
			projectRoot = "";
			targets = (
				8457A515248E4FB400E2943F /* kari-pet-project */,
				8457A529248E4FB700E2943F /* kari-pet-projectTests */,
				8457A534248E4FB700E2943F /* kari-pet-projectUITests */,
			);
		};
/* End PBXProject section */

/* Begin PBXResourcesBuildPhase section */
		8457A514248E4FB400E2943F /* Resources */ = {
			isa = PBXResourcesBuildPhase;
			buildActionMask = 2147483647;
			files = (
				8453423F24A1EA1E0003EFB7 /* FindsCell.xib in Resources */,
				8457A524248E4FB700E2943F /* LaunchScreen.storyboard in Resources */,
				84DD66BC24BC8472009665B4 /* GoodsCardsCell.xib in Resources */,
				845105DA24BEFE6F0023FB0F /* OtherColorCell.xib in Resources */,
				8463C8A124A0AAD400417B51 /* BrandsCell.xib in Resources */,
				8463C89524A068D900417B51 /* InfoBannerCell.xib in Resources */,
				843B533B24AAF5ED007C4CBB /* ColorsCell.xib in Resources */,
				84D2BD2024BDB92700298C94 /* GoodsCardCell.xib in Resources */,
				8463C89D24A07A6500417B51 /* ThumbnailCell.xib in Resources */,
				8463C89124A0684200417B51 /* InformationCell.xib in Resources */,
				8453424324A1EA3A0003EFB7 /* FindsBannerCell.xib in Resources */,
				845397E2249CC6D800BF7B53 /* CategoryCell.xib in Resources */,
				84B97FA52498B5FB000AB86B /* BannerCell.xib in Resources */,
				8457A521248E4FB700E2943F /* Assets.xcassets in Resources */,
				845397DE249CC30100BF7B53 /* CategoriesCell.xib in Resources */,
				845105DE24BF07C70023FB0F /* SizeCell.xib in Resources */,
				8463C89924A0764D00417B51 /* CatalogCell.xib in Resources */,
				84B97FA12498B563000AB86B /* SliderCell.xib in Resources */,
				8463C8A524A0AAFC00417B51 /* BrandCell.xib in Resources */,
				8457A51F248E4FB400E2943F /* Main.storyboard in Resources */,
				8453424724A204820003EFB7 /* RatingView.xib in Resources */,
			);
			runOnlyForDeploymentPostprocessing = 0;
		};
		8457A528248E4FB700E2943F /* Resources */ = {
			isa = PBXResourcesBuildPhase;
			buildActionMask = 2147483647;
			files = (
			);
			runOnlyForDeploymentPostprocessing = 0;
		};
		8457A533248E4FB700E2943F /* Resources */ = {
			isa = PBXResourcesBuildPhase;
			buildActionMask = 2147483647;
			files = (
			);
			runOnlyForDeploymentPostprocessing = 0;
		};
/* End PBXResourcesBuildPhase section */

/* Begin PBXShellScriptBuildPhase section */
		AF09183C9865F058F22AD469 /* [CP] Check Pods Manifest.lock */ = {
			isa = PBXShellScriptBuildPhase;
			buildActionMask = 2147483647;
			files = (
			);
			inputFileListPaths = (
			);
			inputPaths = (
				"${PODS_PODFILE_DIR_PATH}/Podfile.lock",
				"${PODS_ROOT}/Manifest.lock",
			);
			name = "[CP] Check Pods Manifest.lock";
			outputFileListPaths = (
			);
			outputPaths = (
				"$(DERIVED_FILE_DIR)/Pods-kari-pet-project-checkManifestLockResult.txt",
			);
			runOnlyForDeploymentPostprocessing = 0;
			shellPath = /bin/sh;
			shellScript = "diff \"${PODS_PODFILE_DIR_PATH}/Podfile.lock\" \"${PODS_ROOT}/Manifest.lock\" > /dev/null\nif [ $? != 0 ] ; then\n    # print error to STDERR\n    echo \"error: The sandbox is not in sync with the Podfile.lock. Run 'pod install' or update your CocoaPods installation.\" >&2\n    exit 1\nfi\n# This output is used by Xcode 'outputs' to avoid re-running this script phase.\necho \"SUCCESS\" > \"${SCRIPT_OUTPUT_FILE_0}\"\n";
			showEnvVarsInLog = 0;
		};
		BAA8980D1658DE9BD384EC5A /* [CP] Embed Pods Frameworks */ = {
			isa = PBXShellScriptBuildPhase;
			buildActionMask = 2147483647;
			files = (
			);
			inputFileListPaths = (
				"${PODS_ROOT}/Target Support Files/Pods-kari-pet-project/Pods-kari-pet-project-frameworks-${CONFIGURATION}-input-files.xcfilelist",
			);
			name = "[CP] Embed Pods Frameworks";
			outputFileListPaths = (
				"${PODS_ROOT}/Target Support Files/Pods-kari-pet-project/Pods-kari-pet-project-frameworks-${CONFIGURATION}-output-files.xcfilelist",
			);
			runOnlyForDeploymentPostprocessing = 0;
			shellPath = /bin/sh;
			shellScript = "\"${PODS_ROOT}/Target Support Files/Pods-kari-pet-project/Pods-kari-pet-project-frameworks.sh\"\n";
			showEnvVarsInLog = 0;
		};
/* End PBXShellScriptBuildPhase section */

/* Begin PBXSourcesBuildPhase section */
		8457A512248E4FB400E2943F /* Sources */ = {
			isa = PBXSourcesBuildPhase;
			buildActionMask = 2147483647;
			files = (
				8463C8A424A0AAFC00417B51 /* BrandCell.swift in Sources */,
				848B2FE424BC6D1600E6AEEF /* GoodsVC.swift in Sources */,
				846FF0EE24A5E05D00E04182 /* Action.swift in Sources */,
				84B97FA42498B5FB000AB86B /* BannerCell.swift in Sources */,
				8457A51A248E4FB400E2943F /* AppDelegate.swift in Sources */,
				8442404A24DAABBD00692CD1 /* MainScreenRouter.swift in Sources */,
				846FF0EC24A5E03800E04182 /* Params.swift in Sources */,
				8496845224B71C1900B56D3B /* GetMainScreenData.swift in Sources */,
				844D60FB24E3FACB0093EB06 /* BrandsCellProvider.swift in Sources */,
				846FF0F924A5E0C200E04182 /* Colors.swift in Sources */,
				84424BF924F39C7C00BF45F4 /* Goods.swift in Sources */,
				844D60F824E3F9620093EB06 /* FindsCellProvider.swift in Sources */,
				8442404424DA704300692CD1 /* GoodsPresenter.swift in Sources */,
				846FF10124A5E12E00E04182 /* CategoriesTree.swift in Sources */,
				8453424224A1EA3A0003EFB7 /* FindsBannerCell.swift in Sources */,
				8442404624DAA98100692CD1 /* MainScreenConfigurator.swift in Sources */,
				84CE118D249B9D0700CA3FA2 /* MainScreenVC.swift in Sources */,
				84D2BD1B24BD83F400298C94 /* GetGoodsCard.swift in Sources */,
				845105E024BF0A2C0023FB0F /* Size.swift in Sources */,
				8440C22A24EFEF8800BCABE0 /* MainScreen.swift in Sources */,
				844D60E424E3A61A0093EB06 /* TableCellProviding.swift in Sources */,
				8442404824DAAA9D00692CD1 /* MainScreenInteractor.swift in Sources */,
				84D2BD1724BD813500298C94 /* GoodsCard.swift in Sources */,
				846FF0E424A5DE1100E04182 /* BrandModel.swift in Sources */,
				8463C89424A068D900417B51 /* InfoBannerCell.swift in Sources */,
				846FF0F024A5E06F00E04182 /* BreadCrumbs.swift in Sources */,
				84B97FA02498B563000AB86B /* SliderCell.swift in Sources */,
				846FF10324A5E14200E04182 /* AdditionalData.swift in Sources */,
				846FF0EA24A5E02100E04182 /* Filters.swift in Sources */,
				846FF0F724A5E0AD00E04182 /* Brand.swift in Sources */,
				8442404C24DACDF400692CD1 /* GoodsConfigurator.swift in Sources */,
				846FF10524A6123F00E04182 /* BlockType.swift in Sources */,
				84511A8024B6E42200282BCF /* Result.swift in Sources */,
				8455750624C8663C0042140C /* ProductsType.swift in Sources */,
				84BE46C424C7006D00692B8A /* ProductsBlock.swift in Sources */,
				844D60EF24E3C54E0093EB06 /* CategoriesCellProvider.swift in Sources */,
				844D60E624E3A6AF0093EB06 /* AnyTableCellProviding.swift in Sources */,
				844D60F524E3F7EF0093EB06 /* InformationCellProvider.swift in Sources */,
				8463C89824A0764D00417B51 /* CatalogCell.swift in Sources */,
				84511A7E24B6D4EB00282BCF /* APIResponse.swift in Sources */,
				846FF0FD24A5E0F800E04182 /* StockBannerModel.swift in Sources */,
				843B533A24AAF5ED007C4CBB /* ColorsCell.swift in Sources */,
				846FF0E024A5C76B00E04182 /* UIColor+Hex.swift in Sources */,
				84DD66BB24BC8472009665B4 /* GoodsCardsCell.swift in Sources */,
				844D60F224E3F6160093EB06 /* SliderCellProvider.swift in Sources */,
				8440BD9B24D9534700A5E16C /* MainScreenPresenter.swift in Sources */,
				846FF0FB24A5E0E100E04182 /* Rate.swift in Sources */,
				84BE46BE24C6E8CF00692B8A /* GetRecomendedProducts.swift in Sources */,
				8433062C24EC004B006271CB /* ErrorDisplaying.swift in Sources */,
				846FF0E824A5E00500E04182 /* FontColor.swift in Sources */,
				846FF0E624A5DE3C00E04182 /* Background.swift in Sources */,
				8463C89C24A07A6500417B51 /* ThumbnailCell.swift in Sources */,
				8453423E24A1EA1E0003EFB7 /* FindsCell.swift in Sources */,
				84D2BD1F24BDB92700298C94 /* GoodsCardCell.swift in Sources */,
				845105DD24BF07C70023FB0F /* SizeCell.swift in Sources */,
				844D60FE24E3FB890093EB06 /* CatalogCellProvider.swift in Sources */,
				8456EE4D248F753B009DB9F5 /* ModelJSON.swift in Sources */,
				846FF0FF24A5E11600E04182 /* ProductsModel.swift in Sources */,
				8453424524A202AF0003EFB7 /* RatingView.swift in Sources */,
				8455750324C8638E0042140C /* GetRelatedProducts.swift in Sources */,
				845397DD249CC30100BF7B53 /* CategoriesCell.swift in Sources */,
				84FF3A0624C0497300A2F11E /* NetworkingError.swift in Sources */,
				8455750124C7F5B60042140C /* ProductDataModel.swift in Sources */,
				8463C89024A0684200417B51 /* InformationCell.swift in Sources */,
				8442405024DACF5A00692CD1 /* GoodsRouter.swift in Sources */,
				845105D924BEFE6F0023FB0F /* OtherColorCell.swift in Sources */,
				84D2BD1924BD822200298C94 /* Media.swift in Sources */,
				846FF0F224A5E08400E04182 /* CollectionField.swift in Sources */,
				848B2FD724BC375F00E6AEEF /* HttpMethod.swift in Sources */,
				84FF3A0824C074FF00A2F11E /* ReusableVC.swift in Sources */,
				843F373724B434D1000ED099 /* UITableView+CellRegistration.swift in Sources */,
				84493B3A24EE53EC00F6A45F /* GoodsCardScreenData.swift in Sources */,
				8442404E24DACE3300692CD1 /* GoodsInteractor.swift in Sources */,
				845397E1249CC6D800BF7B53 /* CategoryCell.swift in Sources */,
				84D0894524B5C55F00997EF4 /* APIClient.swift in Sources */,
				84BE46C624C7133200692B8A /* URLRequest+cURL.swift in Sources */,
				846FF0F424A5E09500E04182 /* Price.swift in Sources */,
				844D60EA24E3AB8F0093EB06 /* ConfigurableTableCell.swift in Sources */,
				8456EE4F248F8309009DB9F5 /* API.swift in Sources */,
				84511A7C24B6D4DC00282BCF /* APIRequest.swift in Sources */,
				8463C8A024A0AAD400417B51 /* BrandsCell.swift in Sources */,
			);
			runOnlyForDeploymentPostprocessing = 0;
		};
		8457A526248E4FB700E2943F /* Sources */ = {
			isa = PBXSourcesBuildPhase;
			buildActionMask = 2147483647;
			files = (
				8457A52F248E4FB700E2943F /* kari_pet_projectTests.swift in Sources */,
			);
			runOnlyForDeploymentPostprocessing = 0;
		};
		8457A531248E4FB700E2943F /* Sources */ = {
			isa = PBXSourcesBuildPhase;
			buildActionMask = 2147483647;
			files = (
				8457A53A248E4FB700E2943F /* kari_pet_projectUITests.swift in Sources */,
			);
			runOnlyForDeploymentPostprocessing = 0;
		};
/* End PBXSourcesBuildPhase section */

/* Begin PBXTargetDependency section */
		8457A52C248E4FB700E2943F /* PBXTargetDependency */ = {
			isa = PBXTargetDependency;
			target = 8457A515248E4FB400E2943F /* kari-pet-project */;
			targetProxy = 8457A52B248E4FB700E2943F /* PBXContainerItemProxy */;
		};
		8457A537248E4FB700E2943F /* PBXTargetDependency */ = {
			isa = PBXTargetDependency;
			target = 8457A515248E4FB400E2943F /* kari-pet-project */;
			targetProxy = 8457A536248E4FB700E2943F /* PBXContainerItemProxy */;
		};
/* End PBXTargetDependency section */

/* Begin PBXVariantGroup section */
		8457A51D248E4FB400E2943F /* Main.storyboard */ = {
			isa = PBXVariantGroup;
			children = (
				8457A51E248E4FB400E2943F /* Base */,
			);
			name = Main.storyboard;
			sourceTree = "<group>";
		};
		8457A522248E4FB700E2943F /* LaunchScreen.storyboard */ = {
			isa = PBXVariantGroup;
			children = (
				8457A523248E4FB700E2943F /* Base */,
			);
			name = LaunchScreen.storyboard;
			sourceTree = "<group>";
		};
/* End PBXVariantGroup section */

/* Begin XCBuildConfiguration section */
		8457A53C248E4FB700E2943F /* Debug */ = {
			isa = XCBuildConfiguration;
			buildSettings = {
				ALWAYS_SEARCH_USER_PATHS = NO;
				CLANG_ANALYZER_NONNULL = YES;
				CLANG_ANALYZER_NUMBER_OBJECT_CONVERSION = YES_AGGRESSIVE;
				CLANG_CXX_LANGUAGE_STANDARD = "gnu++14";
				CLANG_CXX_LIBRARY = "libc++";
				CLANG_ENABLE_MODULES = YES;
				CLANG_ENABLE_OBJC_ARC = YES;
				CLANG_ENABLE_OBJC_WEAK = YES;
				CLANG_WARN_BLOCK_CAPTURE_AUTORELEASING = YES;
				CLANG_WARN_BOOL_CONVERSION = YES;
				CLANG_WARN_COMMA = YES;
				CLANG_WARN_CONSTANT_CONVERSION = YES;
				CLANG_WARN_DEPRECATED_OBJC_IMPLEMENTATIONS = YES;
				CLANG_WARN_DIRECT_OBJC_ISA_USAGE = YES_ERROR;
				CLANG_WARN_DOCUMENTATION_COMMENTS = YES;
				CLANG_WARN_EMPTY_BODY = YES;
				CLANG_WARN_ENUM_CONVERSION = YES;
				CLANG_WARN_INFINITE_RECURSION = YES;
				CLANG_WARN_INT_CONVERSION = YES;
				CLANG_WARN_NON_LITERAL_NULL_CONVERSION = YES;
				CLANG_WARN_OBJC_IMPLICIT_RETAIN_SELF = YES;
				CLANG_WARN_OBJC_LITERAL_CONVERSION = YES;
				CLANG_WARN_OBJC_ROOT_CLASS = YES_ERROR;
				CLANG_WARN_RANGE_LOOP_ANALYSIS = YES;
				CLANG_WARN_STRICT_PROTOTYPES = YES;
				CLANG_WARN_SUSPICIOUS_MOVE = YES;
				CLANG_WARN_UNGUARDED_AVAILABILITY = YES_AGGRESSIVE;
				CLANG_WARN_UNREACHABLE_CODE = YES;
				CLANG_WARN__DUPLICATE_METHOD_MATCH = YES;
				CODE_SIGN_IDENTITY = "iPhone Developer";
				COPY_PHASE_STRIP = NO;
				DEBUG_INFORMATION_FORMAT = dwarf;
				ENABLE_STRICT_OBJC_MSGSEND = YES;
				ENABLE_TESTABILITY = YES;
				GCC_C_LANGUAGE_STANDARD = gnu11;
				GCC_DYNAMIC_NO_PIC = NO;
				GCC_NO_COMMON_BLOCKS = YES;
				GCC_OPTIMIZATION_LEVEL = 0;
				GCC_PREPROCESSOR_DEFINITIONS = (
					"DEBUG=1",
					"$(inherited)",
				);
				GCC_WARN_64_TO_32_BIT_CONVERSION = YES;
				GCC_WARN_ABOUT_RETURN_TYPE = YES_ERROR;
				GCC_WARN_UNDECLARED_SELECTOR = YES;
				GCC_WARN_UNINITIALIZED_AUTOS = YES_AGGRESSIVE;
				GCC_WARN_UNUSED_FUNCTION = YES;
				GCC_WARN_UNUSED_VARIABLE = YES;
				IPHONEOS_DEPLOYMENT_TARGET = 12.1;
				MTL_ENABLE_DEBUG_INFO = INCLUDE_SOURCE;
				MTL_FAST_MATH = YES;
				ONLY_ACTIVE_ARCH = YES;
				SDKROOT = iphoneos;
				SWIFT_ACTIVE_COMPILATION_CONDITIONS = DEBUG;
				SWIFT_OPTIMIZATION_LEVEL = "-Onone";
			};
			name = Debug;
		};
		8457A53D248E4FB700E2943F /* Release */ = {
			isa = XCBuildConfiguration;
			buildSettings = {
				ALWAYS_SEARCH_USER_PATHS = NO;
				CLANG_ANALYZER_NONNULL = YES;
				CLANG_ANALYZER_NUMBER_OBJECT_CONVERSION = YES_AGGRESSIVE;
				CLANG_CXX_LANGUAGE_STANDARD = "gnu++14";
				CLANG_CXX_LIBRARY = "libc++";
				CLANG_ENABLE_MODULES = YES;
				CLANG_ENABLE_OBJC_ARC = YES;
				CLANG_ENABLE_OBJC_WEAK = YES;
				CLANG_WARN_BLOCK_CAPTURE_AUTORELEASING = YES;
				CLANG_WARN_BOOL_CONVERSION = YES;
				CLANG_WARN_COMMA = YES;
				CLANG_WARN_CONSTANT_CONVERSION = YES;
				CLANG_WARN_DEPRECATED_OBJC_IMPLEMENTATIONS = YES;
				CLANG_WARN_DIRECT_OBJC_ISA_USAGE = YES_ERROR;
				CLANG_WARN_DOCUMENTATION_COMMENTS = YES;
				CLANG_WARN_EMPTY_BODY = YES;
				CLANG_WARN_ENUM_CONVERSION = YES;
				CLANG_WARN_INFINITE_RECURSION = YES;
				CLANG_WARN_INT_CONVERSION = YES;
				CLANG_WARN_NON_LITERAL_NULL_CONVERSION = YES;
				CLANG_WARN_OBJC_IMPLICIT_RETAIN_SELF = YES;
				CLANG_WARN_OBJC_LITERAL_CONVERSION = YES;
				CLANG_WARN_OBJC_ROOT_CLASS = YES_ERROR;
				CLANG_WARN_RANGE_LOOP_ANALYSIS = YES;
				CLANG_WARN_STRICT_PROTOTYPES = YES;
				CLANG_WARN_SUSPICIOUS_MOVE = YES;
				CLANG_WARN_UNGUARDED_AVAILABILITY = YES_AGGRESSIVE;
				CLANG_WARN_UNREACHABLE_CODE = YES;
				CLANG_WARN__DUPLICATE_METHOD_MATCH = YES;
				CODE_SIGN_IDENTITY = "iPhone Developer";
				COPY_PHASE_STRIP = NO;
				DEBUG_INFORMATION_FORMAT = "dwarf-with-dsym";
				ENABLE_NS_ASSERTIONS = NO;
				ENABLE_STRICT_OBJC_MSGSEND = YES;
				GCC_C_LANGUAGE_STANDARD = gnu11;
				GCC_NO_COMMON_BLOCKS = YES;
				GCC_WARN_64_TO_32_BIT_CONVERSION = YES;
				GCC_WARN_ABOUT_RETURN_TYPE = YES_ERROR;
				GCC_WARN_UNDECLARED_SELECTOR = YES;
				GCC_WARN_UNINITIALIZED_AUTOS = YES_AGGRESSIVE;
				GCC_WARN_UNUSED_FUNCTION = YES;
				GCC_WARN_UNUSED_VARIABLE = YES;
				IPHONEOS_DEPLOYMENT_TARGET = 12.1;
				MTL_ENABLE_DEBUG_INFO = NO;
				MTL_FAST_MATH = YES;
				SDKROOT = iphoneos;
				SWIFT_COMPILATION_MODE = wholemodule;
				SWIFT_OPTIMIZATION_LEVEL = "-O";
				VALIDATE_PRODUCT = YES;
			};
			name = Release;
		};
		8457A53F248E4FB700E2943F /* Debug */ = {
			isa = XCBuildConfiguration;
			baseConfigurationReference = 8AC518AF65941D999DAFD566 /* Pods-kari-pet-project.debug.xcconfig */;
			buildSettings = {
				ASSETCATALOG_COMPILER_APPICON_NAME = AppIcon;
				CODE_SIGN_STYLE = Automatic;
				DEVELOPMENT_TEAM = YSRK2KB9YU;
				INFOPLIST_FILE = "kari-pet-project/Info.plist";
				IPHONEOS_DEPLOYMENT_TARGET = 11.0;
				LD_RUNPATH_SEARCH_PATHS = (
					"$(inherited)",
					"@executable_path/Frameworks",
				);
				PRODUCT_BUNDLE_IDENTIFIER = "-.kari-pet-project";
				PRODUCT_NAME = "$(TARGET_NAME)";
				SWIFT_VERSION = 4.2;
				TARGETED_DEVICE_FAMILY = "1,2";
			};
			name = Debug;
		};
		8457A540248E4FB700E2943F /* Release */ = {
			isa = XCBuildConfiguration;
			baseConfigurationReference = 1236C8C2CDB51A66DDD8D7D1 /* Pods-kari-pet-project.release.xcconfig */;
			buildSettings = {
				ASSETCATALOG_COMPILER_APPICON_NAME = AppIcon;
				CODE_SIGN_STYLE = Automatic;
				DEVELOPMENT_TEAM = YSRK2KB9YU;
				INFOPLIST_FILE = "kari-pet-project/Info.plist";
				IPHONEOS_DEPLOYMENT_TARGET = 11.0;
				LD_RUNPATH_SEARCH_PATHS = (
					"$(inherited)",
					"@executable_path/Frameworks",
				);
				PRODUCT_BUNDLE_IDENTIFIER = "-.kari-pet-project";
				PRODUCT_NAME = "$(TARGET_NAME)";
				SWIFT_VERSION = 4.2;
				TARGETED_DEVICE_FAMILY = "1,2";
			};
			name = Release;
		};
		8457A542248E4FB700E2943F /* Debug */ = {
			isa = XCBuildConfiguration;
			buildSettings = {
				ALWAYS_EMBED_SWIFT_STANDARD_LIBRARIES = YES;
				BUNDLE_LOADER = "$(TEST_HOST)";
				CODE_SIGN_STYLE = Automatic;
				INFOPLIST_FILE = "kari-pet-projectTests/Info.plist";
				LD_RUNPATH_SEARCH_PATHS = (
					"$(inherited)",
					"@executable_path/Frameworks",
					"@loader_path/Frameworks",
				);
				PRODUCT_BUNDLE_IDENTIFIER = "-.kari-pet-projectTests";
				PRODUCT_NAME = "$(TARGET_NAME)";
				SWIFT_VERSION = 4.2;
				TARGETED_DEVICE_FAMILY = "1,2";
				TEST_HOST = "$(BUILT_PRODUCTS_DIR)/kari-pet-project.app/kari-pet-project";
			};
			name = Debug;
		};
		8457A543248E4FB700E2943F /* Release */ = {
			isa = XCBuildConfiguration;
			buildSettings = {
				ALWAYS_EMBED_SWIFT_STANDARD_LIBRARIES = YES;
				BUNDLE_LOADER = "$(TEST_HOST)";
				CODE_SIGN_STYLE = Automatic;
				INFOPLIST_FILE = "kari-pet-projectTests/Info.plist";
				LD_RUNPATH_SEARCH_PATHS = (
					"$(inherited)",
					"@executable_path/Frameworks",
					"@loader_path/Frameworks",
				);
				PRODUCT_BUNDLE_IDENTIFIER = "-.kari-pet-projectTests";
				PRODUCT_NAME = "$(TARGET_NAME)";
				SWIFT_VERSION = 4.2;
				TARGETED_DEVICE_FAMILY = "1,2";
				TEST_HOST = "$(BUILT_PRODUCTS_DIR)/kari-pet-project.app/kari-pet-project";
			};
			name = Release;
		};
		8457A545248E4FB700E2943F /* Debug */ = {
			isa = XCBuildConfiguration;
			buildSettings = {
				ALWAYS_EMBED_SWIFT_STANDARD_LIBRARIES = YES;
				CODE_SIGN_STYLE = Automatic;
				INFOPLIST_FILE = "kari-pet-projectUITests/Info.plist";
				LD_RUNPATH_SEARCH_PATHS = (
					"$(inherited)",
					"@executable_path/Frameworks",
					"@loader_path/Frameworks",
				);
				PRODUCT_BUNDLE_IDENTIFIER = "-.kari-pet-projectUITests";
				PRODUCT_NAME = "$(TARGET_NAME)";
				SWIFT_VERSION = 4.2;
				TARGETED_DEVICE_FAMILY = "1,2";
				TEST_TARGET_NAME = "kari-pet-project";
			};
			name = Debug;
		};
		8457A546248E4FB700E2943F /* Release */ = {
			isa = XCBuildConfiguration;
			buildSettings = {
				ALWAYS_EMBED_SWIFT_STANDARD_LIBRARIES = YES;
				CODE_SIGN_STYLE = Automatic;
				INFOPLIST_FILE = "kari-pet-projectUITests/Info.plist";
				LD_RUNPATH_SEARCH_PATHS = (
					"$(inherited)",
					"@executable_path/Frameworks",
					"@loader_path/Frameworks",
				);
				PRODUCT_BUNDLE_IDENTIFIER = "-.kari-pet-projectUITests";
				PRODUCT_NAME = "$(TARGET_NAME)";
				SWIFT_VERSION = 4.2;
				TARGETED_DEVICE_FAMILY = "1,2";
				TEST_TARGET_NAME = "kari-pet-project";
			};
			name = Release;
		};
/* End XCBuildConfiguration section */

/* Begin XCConfigurationList section */
		8457A511248E4FB400E2943F /* Build configuration list for PBXProject "kari-pet-project" */ = {
			isa = XCConfigurationList;
			buildConfigurations = (
				8457A53C248E4FB700E2943F /* Debug */,
				8457A53D248E4FB700E2943F /* Release */,
			);
			defaultConfigurationIsVisible = 0;
			defaultConfigurationName = Release;
		};
		8457A53E248E4FB700E2943F /* Build configuration list for PBXNativeTarget "kari-pet-project" */ = {
			isa = XCConfigurationList;
			buildConfigurations = (
				8457A53F248E4FB700E2943F /* Debug */,
				8457A540248E4FB700E2943F /* Release */,
			);
			defaultConfigurationIsVisible = 0;
			defaultConfigurationName = Release;
		};
		8457A541248E4FB700E2943F /* Build configuration list for PBXNativeTarget "kari-pet-projectTests" */ = {
			isa = XCConfigurationList;
			buildConfigurations = (
				8457A542248E4FB700E2943F /* Debug */,
				8457A543248E4FB700E2943F /* Release */,
			);
			defaultConfigurationIsVisible = 0;
			defaultConfigurationName = Release;
		};
		8457A544248E4FB700E2943F /* Build configuration list for PBXNativeTarget "kari-pet-projectUITests" */ = {
			isa = XCConfigurationList;
			buildConfigurations = (
				8457A545248E4FB700E2943F /* Debug */,
				8457A546248E4FB700E2943F /* Release */,
			);
			defaultConfigurationIsVisible = 0;
			defaultConfigurationName = Release;
		};
/* End XCConfigurationList section */
	};
	rootObject = 8457A50E248E4FB400E2943F /* Project object */;
}
